// !$*UTF8*$!
{
	archiveVersion = 1;
	classes = {
	};
	objectVersion = 46;
	objects = {

/* Begin PBXBuildFile section */
		805327521ED1FF880067B19E /* Assets.xcassets in Resources */ = {isa = PBXBuildFile; fileRef = 805327511ED1FF880067B19E /* Assets.xcassets */; };
		805327551ED1FF880067B19E /* LaunchScreen.storyboard in Resources */ = {isa = PBXBuildFile; fileRef = 805327531ED1FF880067B19E /* LaunchScreen.storyboard */; };
		8053275E1ED200DF0067B19E /* AppDelegate.swift in Sources */ = {isa = PBXBuildFile; fileRef = 8053275C1ED200DF0067B19E /* AppDelegate.swift */; };
		8053275F1ED200DF0067B19E /* ViewController.swift in Sources */ = {isa = PBXBuildFile; fileRef = 8053275D1ED200DF0067B19E /* ViewController.swift */; };
		805327611ED201410067B19E /* Main.storyboard in Resources */ = {isa = PBXBuildFile; fileRef = 805327601ED201410067B19E /* Main.storyboard */; };
/* End PBXBuildFile section */

/* Begin PBXFileReference section */
		805327471ED1FF880067B19E /* ShakeGestureSM.app */ = {isa = PBXFileReference; explicitFileType = wrapper.application; includeInIndex = 0; path = ShakeGestureSM.app; sourceTree = BUILT_PRODUCTS_DIR; };
		805327511ED1FF880067B19E /* Assets.xcassets */ = {isa = PBXFileReference; lastKnownFileType = folder.assetcatalog; path = Assets.xcassets; sourceTree = "<group>"; };
		805327541ED1FF880067B19E /* Base */ = {isa = PBXFileReference; lastKnownFileType = file.storyboard; name = Base; path = Base.lproj/LaunchScreen.storyboard; sourceTree = "<group>"; };
		805327561ED1FF880067B19E /* Info.plist */ = {isa = PBXFileReference; lastKnownFileType = text.plist.xml; path = Info.plist; sourceTree = "<group>"; };
		8053275C1ED200DF0067B19E /* AppDelegate.swift */ = {isa = PBXFileReference; fileEncoding = 4; lastKnownFileType = sourcecode.swift; path = AppDelegate.swift; sourceTree = "<group>"; };
		8053275D1ED200DF0067B19E /* ViewController.swift */ = {isa = PBXFileReference; fileEncoding = 4; lastKnownFileType = sourcecode.swift; path = ViewController.swift; sourceTree = "<group>"; };
		805327601ED201410067B19E /* Main.storyboard */ = {isa = PBXFileReference; fileEncoding = 4; lastKnownFileType = file.storyboard; path = Main.storyboard; sourceTree = "<group>"; };
/* End PBXFileReference section */

/* Begin PBXFrameworksBuildPhase section */
		805327441ED1FF880067B19E /* Frameworks */ = {
			isa = PBXFrameworksBuildPhase;
			buildActionMask = 2147483647;
			files = (
			);
			runOnlyForDeploymentPostprocessing = 0;
		};
/* End PBXFrameworksBuildPhase section */

/* Begin PBXGroup section */
		8053273E1ED1FF880067B19E = {
			isa = PBXGroup;
			children = (
				805327481ED1FF880067B19E /* Products */,
				805327491ED1FF880067B19E /* ShakeGestureSM */,
			);
			sourceTree = "<group>";
		};
		805327481ED1FF880067B19E /* Products */ = {
			isa = PBXGroup;
			children = (
				805327471ED1FF880067B19E /* ShakeGestureSM.app */,
			);
			name = Products;
			sourceTree = "<group>";
		};
		805327491ED1FF880067B19E /* ShakeGestureSM */ = {
			isa = PBXGroup;
			children = (
				8053275C1ED200DF0067B19E /* AppDelegate.swift */,
				805327511ED1FF880067B19E /* Assets.xcassets */,
				805327561ED1FF880067B19E /* Info.plist */,
				805327531ED1FF880067B19E /* LaunchScreen.storyboard */,
				805327601ED201410067B19E /* Main.storyboard */,
				8053275D1ED200DF0067B19E /* ViewController.swift */,
			);
			path = ShakeGestureSM;
			sourceTree = "<group>";
		};
/* End PBXGroup section */

/* Begin PBXNativeTarget section */
		805327461ED1FF880067B19E /* ShakeGestureSM */ = {
			isa = PBXNativeTarget;
			buildConfigurationList = 805327591ED1FF880067B19E /* Build configuration list for PBXNativeTarget "ShakeGestureSM" */;
			buildPhases = (
				805327431ED1FF880067B19E /* Sources */,
				805327441ED1FF880067B19E /* Frameworks */,
				805327451ED1FF880067B19E /* Resources */,
			);
			buildRules = (
			);
			dependencies = (
			);
			name = ShakeGestureSM;
			productName = ShakeGestureSM;
			productReference = 805327471ED1FF880067B19E /* ShakeGestureSM.app */;
			productType = "com.apple.product-type.application";
		};
/* End PBXNativeTarget section */

/* Begin PBXProject section */
		8053273F1ED1FF880067B19E /* Project object */ = {
			isa = PBXProject;
			attributes = {
				LastSwiftUpdateCheck = 0830;
				LastUpgradeCheck = 0830;
				ORGANIZATIONNAME = "sharon mcdermott";
				TargetAttributes = {
					805327461ED1FF880067B19E = {
						CreatedOnToolsVersion = 8.3.2;
						DevelopmentTeam = E24NELMJLG;
						ProvisioningStyle = Automatic;
					};
				};
			};
			buildConfigurationList = 805327421ED1FF880067B19E /* Build configuration list for PBXProject "ShakeGestureSM" */;
			compatibilityVersion = "Xcode 3.2";
			developmentRegion = English;
			hasScannedForEncodings = 0;
			knownRegions = (
				en,
				Base,
			);
			mainGroup = 8053273E1ED1FF880067B19E;
			productRefGroup = 805327481ED1FF880067B19E /* Products */;
			projectDirPath = "";
			projectRoot = "";
			targets = (
				805327461ED1FF880067B19E /* ShakeGestureSM */,
			);
		};
/* End PBXProject section */

/* Begin PBXResourcesBuildPhase section */
		805327451ED1FF880067B19E /* Resources */ = {
			isa = PBXResourcesBuildPhase;
			buildActionMask = 2147483647;
			files = (
				805327611ED201410067B19E /* Main.storyboard in Resources */,
				805327551ED1FF880067B19E /* LaunchScreen.storyboard in Resources */,
				805327521ED1FF880067B19E /* Assets.xcassets in Resources */,
			);
			runOnlyForDeploymentPostprocessing = 0;
		};
/* End PBXResourcesBuildPhase section */

/* Begin PBXSourcesBuildPhase section */
		805327431ED1FF880067B19E /* Sources */ = {
			isa = PBXSourcesBuildPhase;
			buildActionMask = 2147483647;
			files = (
				8053275E1ED200DF0067B19E /* AppDelegate.swift in Sources */,
				8053275F1ED200DF0067B19E /* ViewController.swift in Sources */,
			);
			runOnlyForDeploymentPostprocessing = 0;
		};
/* End PBXSourcesBuildPhase section */

/* Begin PBXVariantGroup section */
		805327531ED1FF880067B19E /* LaunchScreen.storyboard */ = {
			isa = PBXVariantGroup;
			children = (
				805327541ED1FF880067B19E /* Base */,
			);
			name = LaunchScreen.storyboard;
			sourceTree = "<group>";
		};
/* End PBXVariantGroup section */

/* Begin XCBuildConfiguration section */
		805327571ED1FF880067B19E /* Debug */ = {
			isa = XCBuildConfiguration;
			buildSettings = {
				ALWAYS_SEARCH_USER_PATHS = NO;
				CLANG_ANALYZER_NONNULL = YES;
				CLANG_ANALYZER_NUMBER_OBJECT_CONVERSION = YES_AGGRESSIVE;
				CLANG_CXX_LANGUAGE_STANDARD = "gnu++0x";
				CLANG_CXX_LIBRARY = "libc++";
				CLANG_ENABLE_MODULES = YES;
				CLANG_ENABLE_OBJC_ARC = YES;
				CLANG_WARN_BOOL_CONVERSION = YES;
				CLANG_WARN_CONSTANT_CONVERSION = YES;
				CLANG_WARN_DIRECT_OBJC_ISA_USAGE = YES_ERROR;
				CLANG_WARN_DOCUMENTATION_COMMENTS = YES;
				CLANG_WARN_EMPTY_BODY = YES;
				CLANG_WARN_ENUM_CONVERSION = YES;
				CLANG_WARN_INFINITE_RECURSION = YES;
				CLANG_WARN_INT_CONVERSION = YES;
				CLANG_WARN_OBJC_ROOT_CLASS = YES_ERROR;
				CLANG_WARN_SUSPICIOUS_MOVE = YES;
				CLANG_WARN_UNREACHABLE_CODE = YES;
				CLANG_WARN__DUPLICATE_METHOD_MATCH = YES;
				"CODE_SIGN_IDENTITY[sdk=iphoneos*]" = "iPhone Developer";
				COPY_PHASE_STRIP = NO;
				DEBUG_INFORMATION_FORMAT = dwarf;
				ENABLE_STRICT_OBJC_MSGSEND = YES;
				ENABLE_TESTABILITY = YES;
				GCC_C_LANGUAGE_STANDARD = gnu99;
				GCC_DYNAMIC_NO_PIC = NO;
				GCC_NO_COMMON_BLOCKS = YES;
				GCC_OPTIMIZATION_LEVEL = 0;
				GCC_PREPROCESSOR_DEFINITIONS = (
					"DEBUG=1",
					"$(inherited)",
				);
				GCC_WARN_64_TO_32_BIT_CONVERSION = YES;
				GCC_WARN_ABOUT_RETURN_TYPE = YES_ERROR;
				GCC_WARN_UNDECLARED_SELECTOR = YES;
				GCC_WARN_UNINITIALIZED_AUTOS = YES_AGGRESSIVE;
				GCC_WARN_UNUSED_FUNCTION = YES;
				GCC_WARN_UNUSED_VARIABLE = YES;
				IPHONEOS_DEPLOYMENT_TARGET = 10.3;
				MTL_ENABLE_DEBUG_INFO = YES;
				ONLY_ACTIVE_ARCH = YES;
				SDKROOT = iphoneos;
				SWIFT_ACTIVE_COMPILATION_CONDITIONS = DEBUG;
				SWIFT_OPTIMIZATION_LEVEL = "-Onone";
				TARGETED_DEVICE_FAMILY = "1,2";
			};
			name = Debug;
		};
		805327581ED1FF880067B19E /* Release */ = {
			isa = XCBuildConfiguration;
			buildSettings = {
				ALWAYS_SEARCH_USER_PATHS = NO;
				CLANG_ANALYZER_NONNULL = YES;
				CLANG_ANALYZER_NUMBER_OBJECT_CONVERSION = YES_AGGRESSIVE;
				CLANG_CXX_LANGUAGE_STANDARD = "gnu++0x";
				CLANG_CXX_LIBRARY = "libc++";
				CLANG_ENABLE_MODULES = YES;
				CLANG_ENABLE_OBJC_ARC = YES;
				CLANG_WARN_BOOL_CONVERSION = YES;
				CLANG_WARN_CONSTANT_CONVERSION = YES;
				CLANG_WARN_DIRECT_OBJC_ISA_USAGE = YES_ERROR;
				CLANG_WARN_DOCUMENTATION_COMMENTS = YES;
				CLANG_WARN_EMPTY_BODY = YES;
				CLANG_WARN_ENUM_CONVERSION = YES;
				CLANG_WARN_INFINITE_RECURSION = YES;
				CLANG_WARN_INT_CONVERSION = YES;
				CLANG_WARN_OBJC_ROOT_CLASS = YES_ERROR;
				CLANG_WARN_SUSPICIOUS_MOVE = YES;
				CLANG_WARN_UNREACHABLE_CODE = YES;
				CLANG_WARN__DUPLICATE_METHOD_MATCH = YES;
				"CODE_SIGN_IDENTITY[sdk=iphoneos*]" = "iPhone Developer";
				COPY_PHASE_STRIP = NO;
				DEBUG_INFORMATION_FORMAT = "dwarf-with-dsym";
				ENABLE_NS_ASSERTIONS = NO;
				ENABLE_STRICT_OBJC_MSGSEND = YES;
				GCC_C_LANGUAGE_STANDARD = gnu99;
				GCC_NO_COMMON_BLOCKS = YES;
				GCC_WARN_64_TO_32_BIT_CONVERSION = YES;
				GCC_WARN_ABOUT_RETURN_TYPE = YES_ERROR;
				GCC_WARN_UNDECLARED_SELECTOR = YES;
				GCC_WARN_UNINITIALIZED_AUTOS = YES_AGGRESSIVE;
				GCC_WARN_UNUSED_FUNCTION = YES;
				GCC_WARN_UNUSED_VARIABLE = YES;
				IPHONEOS_DEPLOYMENT_TARGET = 10.3;
				MTL_ENABLE_DEBUG_INFO = NO;
				SDKROOT = iphoneos;
				SWIFT_OPTIMIZATION_LEVEL = "-Owholemodule";
				TARGETED_DEVICE_FAMILY = "1,2";
				VALIDATE_PRODUCT = YES;
			};
			name = Release;
		};
		8053275A1ED1FF880067B19E /* Debug */ = {
			isa = XCBuildConfiguration;
			buildSettings = {
				ASSETCATALOG_COMPILER_APPICON_NAME = AppIcon;
				DEVELOPMENT_TEAM = E24NELMJLG;
				INFOPLIST_FILE = ShakeGestureSM/Info.plist;
				LD_RUNPATH_SEARCH_PATHS = "$(inherited) @executable_path/Frameworks";
				PRODUCT_BUNDLE_IDENTIFIER = com.sharonmcdermott.ShakeGestureSM;
				PRODUCT_NAME = "$(TARGET_NAME)";
				SWIFT_VERSION = 3.0;
			};
			name = Debug;
		};
		8053275B1ED1FF880067B19E /* Release */ = {
			isa = XCBuildConfiguration;
			buildSettings = {
				ASSETCATALOG_COMPILER_APPICON_NAME = AppIcon;
				DEVELOPMENT_TEAM = E24NELMJLG;
				INFOPLIST_FILE = ShakeGestureSM/Info.plist;
				LD_RUNPATH_SEARCH_PATHS = "$(inherited) @executable_path/Frameworks";
				PRODUCT_BUNDLE_IDENTIFIER = com.sharonmcdermott.ShakeGestureSM;
				PRODUCT_NAME = "$(TARGET_NAME)";
				SWIFT_VERSION = 3.0;
			};
			name = Release;
		};
/* End XCBuildConfiguration section */

/* Begin XCConfigurationList section */
		805327421ED1FF880067B19E /* Build configuration list for PBXProject "ShakeGestureSM" */ = {
			isa = XCConfigurationList;
			buildConfigurations = (
				805327571ED1FF880067B19E /* Debug */,
				805327581ED1FF880067B19E /* Release */,
			);
			defaultConfigurationIsVisible = 0;
			defaultConfigurationName = Release;
		};
		805327591ED1FF880067B19E /* Build configuration list for PBXNativeTarget "ShakeGestureSM" */ = {
			isa = XCConfigurationList;
			buildConfigurations = (
				8053275A1ED1FF880067B19E /* Debug */,
				8053275B1ED1FF880067B19E /* Release */,
			);
			defaultConfigurationIsVisible = 0;
			defaultConfigurationName = Release;
		};
/* End XCConfigurationList section */
	};
	rootObject = 8053273F1ED1FF880067B19E /* Project object */;
}
